github.com/magisterquis/bin2memfd v0.0.0-20220522163420-0cabae37b87c h1:l1AVUQQsVbBMsqxk1CIUKBTYiOZ+uUQQFhyyiYuAtyM=
github.com/magisterquis/bin2memfd v0.0.0-20220522163420-0cabae37b87c/go.mod h1:sh1SRrPQZHNpYZLHUnZKQnMBSOjwZ+gWygd14cMSeHs=
github.com/magisterquis/faketerm v0.0.0-20220327184451-0c19153f9ae3 h1:UF27T7JeQ8y0m/hTKB0bU5mDYXdyYHeUdOClcRQ4aos=
github.com/magisterquis/faketerm v0.0.0-20220327184451-0c19153f9ae3/go.mod h1:g1FlQWazqEZsHQcR9bUbEsGohgNsoo8aTuLVkgXAAVQ=
github.com/magisterquis/simpleshsplit v0.0.0-20180804063258-0512dc2effe2 h1:9AadCconNkc0eI46aV3Z8/25BR6+8rwAgEYyoSs468k=
github.com/magisterquis/simpleshsplit v0.0.0-20180804063258-0512dc2effe2/go.mod h1:6iLKLn+u3Ng9J4VmBwuhXdq2EQ83ojU0I937i/HH6u0=
github.com/mikesmitty/edkey v0.0.0-20170222072505-3356ea4e686a h1:eU8j/ClY2Ty3qdHnn0TyW3ivFoPC/0F1gQZz8yTxbbE=
github.com/mikesmitty/edkey v0.0.0-20170222072505-3356ea4e686a/go.mod h1:v8eSC2SMp9/7FTKUncp7fH9IwPfw+ysMObcEz5FWheQ=
golang.org/x/crypto v0.0.0-20220411220226-7b82a4e95df4 h1:kUhD7nTDoI3fVd9G4ORWrbV5NY0liEs/Jg2pv5f+bBA=
golang.org/x/crypto v0.0.0-20220411220226-7b82a4e95df4/go.mod h1:IxCIyHEi3zRg3s0A5j5BB6A9Jmi73HwBIUl50j+osU4=
golang.org/x/net v0.0.0-20220412020605-290c469a71a5 h1:bRb386wvrE+oBNdF1d/Xh9mQrfQ4ecYhW5qJ5GvTGT4=
golang.org/x/net v0.0.0-20220412020605-290c469a71a5/go.mod h1:CfG3xpIq0wQ8r1q4Su4UZFWDARRcnwPjda9FqA0JpMk=
golang.org/x/sys v0.0.0-20220412071739-889880a91fd5 h1:NubxfvTRuNb4RVzWrIDAUzUvREH1HkCD4JjyQTSG9As=
golang.org/x/sys v0.0.0-20220412071739-889880a91fd5/go.mod h1:oPkhp1MJrh7nUepCBck5+mAzfO9JrbApNNgaTdGDITg=
golang.org/x/term v0.0.0-20220411215600-e5f449aeb171 h1:EH1Deb8WZJ0xc0WK//leUHXcX9aLE5SymusoTmMZye8=
golang.org/x/term v0.0.0-20220411215600-e5f449aeb171/go.mod h1:jbD1KX2456YbFQfuXm/mYQcufACuNUgVhRMnK/tPxf8=
